
Microsoft Visual Studio Solution File, Format Version 12.00
# Visual Studio 15
VisualStudioVersion = 15.0.28307.489
MinimumVisualStudioVersion = 10.0.40219.1
Project("{9A19103F-16F7-4668-BE54-9A1E7A4F7556}") = "ADSD", "ADSD\ADSD.csproj", "{9A3D4344-B4AE-48D1-A775-193B8315CDEA}"
EndProject
Project("{FAE04EC0-301F-11D3-BF4B-00C04F79EFBC}") = "TestApp", "TestApp\TestApp.csproj", "{7B99B84E-BEA5-4FE9-B5E2-D6BC3D1FC341}"
EndProject
Project("{FAE04EC0-301F-11D3-BF4B-00C04F79EFBC}") = "TestAppCore", "TestAppCore\TestAppCore.csproj", "{994EAE75-5545-412C-99FD-CEA2A58A1405}"
EndProject
Global
	GlobalSection(SolutionConfigurationPlatforms) = preSolution
		Debug|Any CPU = Debug|Any CPU
		Release|Any CPU = Release|Any CPU
	EndGlobalSection
	GlobalSection(ProjectConfigurationPlatforms) = postSolution
		{9A3D4344-B4AE-48D1-A775-193B8315CDEA}.Debug|Any CPU.ActiveCfg = Debug|Any CPU
		{9A3D4344-B4AE-48D1-A775-193B8315CDEA}.Debug|Any CPU.Build.0 = Debug|Any CPU
		{9A3D4344-B4AE-48D1-A775-193B8315CDEA}.Release|Any CPU.ActiveCfg = Release|Any CPU
		{9A3D4344-B4AE-48D1-A775-193B8315CDEA}.Release|Any CPU.Build.0 = Release|Any CPU
		{7B99B84E-BEA5-4FE9-B5E2-D6BC3D1FC341}.Debug|Any CPU.ActiveCfg = Debug|Any CPU
		{7B99B84E-BEA5-4FE9-B5E2-D6BC3D1FC341}.Debug|Any CPU.Build.0 = Debug|Any CPU
		{7B99B84E-BEA5-4FE9-B5E2-D6BC3D1FC341}.Release|Any CPU.ActiveCfg = Release|Any CPU
		{7B99B84E-BEA5-4FE9-B5E2-D6BC3D1FC341}.Release|Any CPU.Build.0 = Release|Any CPU
		{994EAE75-5545-412C-99FD-CEA2A58A1405}.Debug|Any CPU.ActiveCfg = Debug|Any CPU
		{994EAE75-5545-412C-99FD-CEA2A58A1405}.Debug|Any CPU.Build.0 = Debug|Any CPU
		{994EAE75-5545-412C-99FD-CEA2A58A1405}.Release|Any CPU.ActiveCfg = Release|Any CPU
		{994EAE75-5545-412C-99FD-CEA2A58A1405}.Release|Any CPU.Build.0 = Release|Any CPU
	EndGlobalSection
	GlobalSection(SolutionProperties) = preSolution
		HideSolutionNode = FALSE
	EndGlobalSection
	GlobalSection(ExtensibilityGlobals) = postSolution
		SolutionGuid = {2D8A5D5A-EE21-435B-87C4-68758A12B7D6}
	EndGlobalSection
EndGlobal
